// !$*UTF8*$!
{
	archiveVersion = 1;
	classes = {
	};
	objectVersion = 56;
	objects = {

/* Begin PBXBuildFile section */
		0494FA772DA6F78A001AB29D /* PlatziStore.xcdatamodeld in Sources */ = {isa = PBXBuildFile; fileRef = 0494FA752DA6F78A001AB29D /* PlatziStore.xcdatamodeld */; };
		0494FA7C2DA89AF0001AB29D /* CartViewModel.swift in Sources */ = {isa = PBXBuildFile; fileRef = 0494FA7B2DA89AF0001AB29D /* CartViewModel.swift */; };
		0494FA7E2DA89B40001AB29D /* Color.swift in Sources */ = {isa = PBXBuildFile; fileRef = 0494FA7D2DA89B40001AB29D /* Color.swift */; };
		04C95AC72D9D95D6002BA816 /* PlatziStoreApp.swift in Sources */ = {isa = PBXBuildFile; fileRef = 04C95AC62D9D95D6002BA816 /* PlatziStoreApp.swift */; };
		04C95AC92D9D95D6002BA816 /* ContentView.swift in Sources */ = {isa = PBXBuildFile; fileRef = 04C95AC82D9D95D6002BA816 /* ContentView.swift */; };
		04C95ACB2D9D95D9002BA816 /* Assets.xcassets in Resources */ = {isa = PBXBuildFile; fileRef = 04C95ACA2D9D95D9002BA816 /* Assets.xcassets */; };
		04C95ACE2D9D95D9002BA816 /* Preview Assets.xcassets in Resources */ = {isa = PBXBuildFile; fileRef = 04C95ACD2D9D95D9002BA816 /* Preview Assets.xcassets */; };
		04C95AD02D9D95D9002BA816 /* Persistence.swift in Sources */ = {isa = PBXBuildFile; fileRef = 04C95ACF2D9D95D9002BA816 /* Persistence.swift */; };
		04C95ADD2D9D95D9002BA816 /* PlatziStoreTests.swift in Sources */ = {isa = PBXBuildFile; fileRef = 04C95ADC2D9D95D9002BA816 /* PlatziStoreTests.swift */; };
		04C95AE72D9D95D9002BA816 /* PlatziStoreUITests.swift in Sources */ = {isa = PBXBuildFile; fileRef = 04C95AE62D9D95D9002BA816 /* PlatziStoreUITests.swift */; };
		04C95AE92D9D95D9002BA816 /* PlatziStoreUITestsLaunchTests.swift in Sources */ = {isa = PBXBuildFile; fileRef = 04C95AE82D9D95D9002BA816 /* PlatziStoreUITestsLaunchTests.swift */; };
		04C95AF92D9D9709002BA816 /* SplashView.swift in Sources */ = {isa = PBXBuildFile; fileRef = 04C95AF82D9D9709002BA816 /* SplashView.swift */; };
		04C95AFC2D9DA1A7002BA816 /* HomeView.swift in Sources */ = {isa = PBXBuildFile; fileRef = 04C95AFB2D9DA1A7002BA816 /* HomeView.swift */; };
		04C95B002D9DA1EA002BA816 /* ProductsView.swift in Sources */ = {isa = PBXBuildFile; fileRef = 04C95AFF2D9DA1EA002BA816 /* ProductsView.swift */; };
		04C95B042D9DA2B3002BA816 /* CartView.swift in Sources */ = {isa = PBXBuildFile; fileRef = 04C95B032D9DA2B3002BA816 /* CartView.swift */; };
		04C95B082D9DA2E5002BA816 /* ProfileView.swift in Sources */ = {isa = PBXBuildFile; fileRef = 04C95B072D9DA2E5002BA816 /* ProfileView.swift */; };
		04C95B0B2D9DA8AB002BA816 /* Product.swift in Sources */ = {isa = PBXBuildFile; fileRef = 04C95B0A2D9DA8AB002BA816 /* Product.swift */; };
		04C95B0F2D9DA8E8002BA816 /* Category.swift in Sources */ = {isa = PBXBuildFile; fileRef = 04C95B0E2D9DA8E8002BA816 /* Category.swift */; };
		04C95B122D9DAA76002BA816 /* NetworkService.swift in Sources */ = {isa = PBXBuildFile; fileRef = 04C95B112D9DAA76002BA816 /* NetworkService.swift */; };
		04C95B152D9DAB05002BA816 /* ApiService.swift in Sources */ = {isa = PBXBuildFile; fileRef = 04C95B142D9DAB05002BA816 /* ApiService.swift */; };
		04C95B182D9DB4F0002BA816 /* ProductViewModel.swift in Sources */ = {isa = PBXBuildFile; fileRef = 04C95B172D9DB4F0002BA816 /* ProductViewModel.swift */; };
		04C95B1C2D9DC5E3002BA816 /* ServiceError.swift in Sources */ = {isa = PBXBuildFile; fileRef = 04C95B1B2D9DC5E3002BA816 /* ServiceError.swift */; };
		04C95B1F2D9DD4F7002BA816 /* CategoryViewModel.swift in Sources */ = {isa = PBXBuildFile; fileRef = 04C95B1E2D9DD4F7002BA816 /* CategoryViewModel.swift */; };
		04C95B222D9DD565002BA816 /* HomeViewModel.swift in Sources */ = {isa = PBXBuildFile; fileRef = 04C95B212D9DD565002BA816 /* HomeViewModel.swift */; };
		04C95B2C2D9E1930002BA816 /* CategoryView.swift in Sources */ = {isa = PBXBuildFile; fileRef = 04C95B2B2D9E1930002BA816 /* CategoryView.swift */; };
		04C95B2E2D9E19EB002BA816 /* ItemCellView.swift in Sources */ = {isa = PBXBuildFile; fileRef = 04C95B2D2D9E19EB002BA816 /* ItemCellView.swift */; };
		04C95B322D9EEF5B002BA816 /* ProductDetailView.swift in Sources */ = {isa = PBXBuildFile; fileRef = 04C95B312D9EEF5B002BA816 /* ProductDetailView.swift */; };
		04C95B352DA45CCC002BA816 /* LoginViewModel.swift in Sources */ = {isa = PBXBuildFile; fileRef = 04C95B342DA45CCC002BA816 /* LoginViewModel.swift */; };
		04C95B382DA45CF7002BA816 /* LoginInterface.swift in Sources */ = {isa = PBXBuildFile; fileRef = 04C95B372DA45CF7002BA816 /* LoginInterface.swift */; };
		04C95B3B2DA45D22002BA816 /* LoginService.swift in Sources */ = {isa = PBXBuildFile; fileRef = 04C95B3A2DA45D22002BA816 /* LoginService.swift */; };
		04C95B3E2DA45D51002BA816 /* LoginView.swift in Sources */ = {isa = PBXBuildFile; fileRef = 04C95B3D2DA45D51002BA816 /* LoginView.swift */; };
		04C95B412DA45E36002BA816 /* Strings.swift in Sources */ = {isa = PBXBuildFile; fileRef = 04C95B402DA45E36002BA816 /* Strings.swift */; };
		04C95B442DA45E82002BA816 /* UIAplication.swift in Sources */ = {isa = PBXBuildFile; fileRef = 04C95B432DA45E82002BA816 /* UIAplication.swift */; };
		04C95B472DA45ED2002BA816 /* AuthService.swift in Sources */ = {isa = PBXBuildFile; fileRef = 04C95B462DA45ED2002BA816 /* AuthService.swift */; };
		04C95B4B2DA45F08002BA816 /* UserModel.swift in Sources */ = {isa = PBXBuildFile; fileRef = 04C95B4A2DA45F08002BA816 /* UserModel.swift */; };
		04C95B4E2DA45F65002BA816 /* AuthResponse.swift in Sources */ = {isa = PBXBuildFile; fileRef = 04C95B4D2DA45F65002BA816 /* AuthResponse.swift */; };
/* End PBXBuildFile section */

/* Begin PBXContainerItemProxy section */
		04C95AD92D9D95D9002BA816 /* PBXContainerItemProxy */ = {
			isa = PBXContainerItemProxy;
			containerPortal = 04C95ABB2D9D95D6002BA816 /* Project object */;
			proxyType = 1;
			remoteGlobalIDString = 04C95AC22D9D95D6002BA816;
			remoteInfo = PlatziStore;
		};
		04C95AE32D9D95D9002BA816 /* PBXContainerItemProxy */ = {
			isa = PBXContainerItemProxy;
			containerPortal = 04C95ABB2D9D95D6002BA816 /* Project object */;
			proxyType = 1;
			remoteGlobalIDString = 04C95AC22D9D95D6002BA816;
			remoteInfo = PlatziStore;
		};
/* End PBXContainerItemProxy section */

/* Begin PBXFileReference section */
		0494FA762DA6F78A001AB29D /* PlatziStore.xcdatamodel */ = {isa = PBXFileReference; lastKnownFileType = wrapper.xcdatamodel; path = PlatziStore.xcdatamodel; sourceTree = "<group>"; };
		0494FA7B2DA89AF0001AB29D /* CartViewModel.swift */ = {isa = PBXFileReference; lastKnownFileType = sourcecode.swift; path = CartViewModel.swift; sourceTree = "<group>"; };
		0494FA7D2DA89B40001AB29D /* Color.swift */ = {isa = PBXFileReference; lastKnownFileType = sourcecode.swift; path = Color.swift; sourceTree = "<group>"; };
		04C95AC32D9D95D6002BA816 /* PlatziStore.app */ = {isa = PBXFileReference; explicitFileType = wrapper.application; includeInIndex = 0; path = PlatziStore.app; sourceTree = BUILT_PRODUCTS_DIR; };
		04C95AC62D9D95D6002BA816 /* PlatziStoreApp.swift */ = {isa = PBXFileReference; lastKnownFileType = sourcecode.swift; path = PlatziStoreApp.swift; sourceTree = "<group>"; };
		04C95AC82D9D95D6002BA816 /* ContentView.swift */ = {isa = PBXFileReference; lastKnownFileType = sourcecode.swift; path = ContentView.swift; sourceTree = "<group>"; };
		04C95ACA2D9D95D9002BA816 /* Assets.xcassets */ = {isa = PBXFileReference; lastKnownFileType = folder.assetcatalog; path = Assets.xcassets; sourceTree = "<group>"; };
		04C95ACD2D9D95D9002BA816 /* Preview Assets.xcassets */ = {isa = PBXFileReference; lastKnownFileType = folder.assetcatalog; path = "Preview Assets.xcassets"; sourceTree = "<group>"; };
		04C95ACF2D9D95D9002BA816 /* Persistence.swift */ = {isa = PBXFileReference; lastKnownFileType = sourcecode.swift; path = Persistence.swift; sourceTree = "<group>"; };
		04C95AD82D9D95D9002BA816 /* PlatziStoreTests.xctest */ = {isa = PBXFileReference; explicitFileType = wrapper.cfbundle; includeInIndex = 0; path = PlatziStoreTests.xctest; sourceTree = BUILT_PRODUCTS_DIR; };
		04C95ADC2D9D95D9002BA816 /* PlatziStoreTests.swift */ = {isa = PBXFileReference; lastKnownFileType = sourcecode.swift; path = PlatziStoreTests.swift; sourceTree = "<group>"; };
		04C95AE22D9D95D9002BA816 /* PlatziStoreUITests.xctest */ = {isa = PBXFileReference; explicitFileType = wrapper.cfbundle; includeInIndex = 0; path = PlatziStoreUITests.xctest; sourceTree = BUILT_PRODUCTS_DIR; };
		04C95AE62D9D95D9002BA816 /* PlatziStoreUITests.swift */ = {isa = PBXFileReference; lastKnownFileType = sourcecode.swift; path = PlatziStoreUITests.swift; sourceTree = "<group>"; };
		04C95AE82D9D95D9002BA816 /* PlatziStoreUITestsLaunchTests.swift */ = {isa = PBXFileReference; lastKnownFileType = sourcecode.swift; path = PlatziStoreUITestsLaunchTests.swift; sourceTree = "<group>"; };
		04C95AF82D9D9709002BA816 /* SplashView.swift */ = {isa = PBXFileReference; lastKnownFileType = sourcecode.swift; path = SplashView.swift; sourceTree = "<group>"; };
		04C95AFB2D9DA1A7002BA816 /* HomeView.swift */ = {isa = PBXFileReference; lastKnownFileType = sourcecode.swift; path = HomeView.swift; sourceTree = "<group>"; };
		04C95AFF2D9DA1EA002BA816 /* ProductsView.swift */ = {isa = PBXFileReference; lastKnownFileType = sourcecode.swift; path = ProductsView.swift; sourceTree = "<group>"; };
		04C95B032D9DA2B3002BA816 /* CartView.swift */ = {isa = PBXFileReference; lastKnownFileType = sourcecode.swift; path = CartView.swift; sourceTree = "<group>"; };
		04C95B072D9DA2E5002BA816 /* ProfileView.swift */ = {isa = PBXFileReference; lastKnownFileType = sourcecode.swift; path = ProfileView.swift; sourceTree = "<group>"; };
		04C95B0A2D9DA8AB002BA816 /* Product.swift */ = {isa = PBXFileReference; lastKnownFileType = sourcecode.swift; path = Product.swift; sourceTree = "<group>"; };
		04C95B0E2D9DA8E8002BA816 /* Category.swift */ = {isa = PBXFileReference; lastKnownFileType = sourcecode.swift; path = Category.swift; sourceTree = "<group>"; };
		04C95B112D9DAA76002BA816 /* NetworkService.swift */ = {isa = PBXFileReference; lastKnownFileType = sourcecode.swift; path = NetworkService.swift; sourceTree = "<group>"; };
		04C95B142D9DAB05002BA816 /* ApiService.swift */ = {isa = PBXFileReference; lastKnownFileType = sourcecode.swift; path = ApiService.swift; sourceTree = "<group>"; };
		04C95B172D9DB4F0002BA816 /* ProductViewModel.swift */ = {isa = PBXFileReference; lastKnownFileType = sourcecode.swift; path = ProductViewModel.swift; sourceTree = "<group>"; };
		04C95B1B2D9DC5E3002BA816 /* ServiceError.swift */ = {isa = PBXFileReference; lastKnownFileType = sourcecode.swift; path = ServiceError.swift; sourceTree = "<group>"; };
		04C95B1E2D9DD4F7002BA816 /* CategoryViewModel.swift */ = {isa = PBXFileReference; lastKnownFileType = sourcecode.swift; path = CategoryViewModel.swift; sourceTree = "<group>"; };
		04C95B212D9DD565002BA816 /* HomeViewModel.swift */ = {isa = PBXFileReference; lastKnownFileType = sourcecode.swift; path = HomeViewModel.swift; sourceTree = "<group>"; };
		04C95B2B2D9E1930002BA816 /* CategoryView.swift */ = {isa = PBXFileReference; lastKnownFileType = sourcecode.swift; path = CategoryView.swift; sourceTree = "<group>"; };
		04C95B2D2D9E19EB002BA816 /* ItemCellView.swift */ = {isa = PBXFileReference; lastKnownFileType = sourcecode.swift; path = ItemCellView.swift; sourceTree = "<group>"; };
		04C95B312D9EEF5B002BA816 /* ProductDetailView.swift */ = {isa = PBXFileReference; lastKnownFileType = sourcecode.swift; path = ProductDetailView.swift; sourceTree = "<group>"; };
		04C95B342DA45CCC002BA816 /* LoginViewModel.swift */ = {isa = PBXFileReference; lastKnownFileType = sourcecode.swift; path = LoginViewModel.swift; sourceTree = "<group>"; };
		04C95B372DA45CF7002BA816 /* LoginInterface.swift */ = {isa = PBXFileReference; lastKnownFileType = sourcecode.swift; path = LoginInterface.swift; sourceTree = "<group>"; };
		04C95B3A2DA45D22002BA816 /* LoginService.swift */ = {isa = PBXFileReference; lastKnownFileType = sourcecode.swift; path = LoginService.swift; sourceTree = "<group>"; };
		04C95B3D2DA45D51002BA816 /* LoginView.swift */ = {isa = PBXFileReference; lastKnownFileType = sourcecode.swift; path = LoginView.swift; sourceTree = "<group>"; };
		04C95B402DA45E36002BA816 /* Strings.swift */ = {isa = PBXFileReference; lastKnownFileType = sourcecode.swift; path = Strings.swift; sourceTree = "<group>"; };
		04C95B432DA45E82002BA816 /* UIAplication.swift */ = {isa = PBXFileReference; lastKnownFileType = sourcecode.swift; path = UIAplication.swift; sourceTree = "<group>"; };
		04C95B462DA45ED2002BA816 /* AuthService.swift */ = {isa = PBXFileReference; lastKnownFileType = sourcecode.swift; path = AuthService.swift; sourceTree = "<group>"; };
		04C95B4A2DA45F08002BA816 /* UserModel.swift */ = {isa = PBXFileReference; lastKnownFileType = sourcecode.swift; path = UserModel.swift; sourceTree = "<group>"; };
		04C95B4D2DA45F65002BA816 /* AuthResponse.swift */ = {isa = PBXFileReference; lastKnownFileType = sourcecode.swift; path = AuthResponse.swift; sourceTree = "<group>"; };
/* End PBXFileReference section */

/* Begin PBXFrameworksBuildPhase section */
		04C95AC02D9D95D6002BA816 /* Frameworks */ = {
			isa = PBXFrameworksBuildPhase;
			buildActionMask = 2147483647;
			files = (
			);
			runOnlyForDeploymentPostprocessing = 0;
		};
		04C95AD52D9D95D9002BA816 /* Frameworks */ = {
			isa = PBXFrameworksBuildPhase;
			buildActionMask = 2147483647;
			files = (
			);
			runOnlyForDeploymentPostprocessing = 0;
		};
		04C95ADF2D9D95D9002BA816 /* Frameworks */ = {
			isa = PBXFrameworksBuildPhase;
			buildActionMask = 2147483647;
			files = (
			);
			runOnlyForDeploymentPostprocessing = 0;
		};
/* End PBXFrameworksBuildPhase section */

/* Begin PBXGroup section */
		0494FA7A2DA89932001AB29D /* ViewModel */ = {
			isa = PBXGroup;
			children = (
				0494FA7B2DA89AF0001AB29D /* CartViewModel.swift */,
			);
			path = ViewModel;
			sourceTree = "<group>";
		};
		04C95ABA2D9D95D6002BA816 = {
			isa = PBXGroup;
			children = (
				04C95AC52D9D95D6002BA816 /* PlatziStore */,
				04C95ADB2D9D95D9002BA816 /* PlatziStoreTests */,
				04C95AE52D9D95D9002BA816 /* PlatziStoreUITests */,
				04C95AC42D9D95D6002BA816 /* Products */,
			);
			sourceTree = "<group>";
		};
		04C95AC42D9D95D6002BA816 /* Products */ = {
			isa = PBXGroup;
			children = (
				04C95AC32D9D95D6002BA816 /* PlatziStore.app */,
				04C95AD82D9D95D9002BA816 /* PlatziStoreTests.xctest */,
				04C95AE22D9D95D9002BA816 /* PlatziStoreUITests.xctest */,
			);
			name = Products;
			sourceTree = "<group>";
		};
		04C95AC52D9D95D6002BA816 /* PlatziStore */ = {
			isa = PBXGroup;
			children = (
				04C95B482DA45EF4002BA816 /* User */,
				04C95B192D9DC5BB002BA816 /* ProductDetail */,
				04C95B0C2D9DA8C3002BA816 /* Category */,
				04C95B052D9DA2C9002BA816 /* Profile */,
				04C95B012D9DA29C002BA816 /* Cart */,
				04C95AFD2D9DA1D0002BA816 /* Products */,
				04C95AFA2D9DA196002BA816 /* Home */,
				04C95AF72D9D96F2002BA816 /* Splash */,
				04C95AF62D9D96E7002BA816 /* Login */,
				04C95AF52D9D96DC002BA816 /* Resources */,
				04C95AC62D9D95D6002BA816 /* PlatziStoreApp.swift */,
				04C95AC82D9D95D6002BA816 /* ContentView.swift */,
				04C95ACA2D9D95D9002BA816 /* Assets.xcassets */,
				04C95ACF2D9D95D9002BA816 /* Persistence.swift */,
				04C95ACC2D9D95D9002BA816 /* Preview Content */,
				0494FA752DA6F78A001AB29D /* PlatziStore.xcdatamodeld */,
			);
			path = PlatziStore;
			sourceTree = "<group>";
		};
		04C95ACC2D9D95D9002BA816 /* Preview Content */ = {
			isa = PBXGroup;
			children = (
				04C95ACD2D9D95D9002BA816 /* Preview Assets.xcassets */,
			);
			path = "Preview Content";
			sourceTree = "<group>";
		};
		04C95ADB2D9D95D9002BA816 /* PlatziStoreTests */ = {
			isa = PBXGroup;
			children = (
				04C95ADC2D9D95D9002BA816 /* PlatziStoreTests.swift */,
			);
			path = PlatziStoreTests;
			sourceTree = "<group>";
		};
		04C95AE52D9D95D9002BA816 /* PlatziStoreUITests */ = {
			isa = PBXGroup;
			children = (
				04C95AE62D9D95D9002BA816 /* PlatziStoreUITests.swift */,
				04C95AE82D9D95D9002BA816 /* PlatziStoreUITestsLaunchTests.swift */,
			);
			path = PlatziStoreUITests;
			sourceTree = "<group>";
		};
		04C95AF52D9D96DC002BA816 /* Resources */ = {
			isa = PBXGroup;
			children = (
				04C95B422DA45E71002BA816 /* Extensions */,
				04C95B3F2DA45E2B002BA816 /* Strings */,
				04C95B1A2D9DC5CB002BA816 /* Error */,
			);
			path = Resources;
			sourceTree = "<group>";
		};
		04C95AF62D9D96E7002BA816 /* Login */ = {
			isa = PBXGroup;
			children = (
				04C95B4C2DA45F4F002BA816 /* Model */,
				04C95B3C2DA45D43002BA816 /* View */,
				04C95B392DA45D0B002BA816 /* Service */,
				04C95B362DA45CEA002BA816 /* Interface */,
				04C95B332DA45CB4002BA816 /* ViewModel */,
			);
			path = Login;
			sourceTree = "<group>";
		};
		04C95AF72D9D96F2002BA816 /* Splash */ = {
			isa = PBXGroup;
			children = (
				04C95AF82D9D9709002BA816 /* SplashView.swift */,
			);
			path = Splash;
			sourceTree = "<group>";
		};
		04C95AFA2D9DA196002BA816 /* Home */ = {
			isa = PBXGroup;
			children = (
				04C95B292D9E15EB002BA816 /* View */,
				04C95B202D9DD551002BA816 /* ViewModel */,
			);
			path = Home;
			sourceTree = "<group>";
		};
		04C95AFD2D9DA1D0002BA816 /* Products */ = {
			isa = PBXGroup;
			children = (
				04C95B162D9DB4DB002BA816 /* ViewModel */,
				04C95B132D9DAAD5002BA816 /* Service */,
				04C95B102D9DAA55002BA816 /* Interface */,
				04C95B092D9DA899002BA816 /* Model */,
				04C95AFE2D9DA1D9002BA816 /* View */,
			);
			path = Products;
			sourceTree = "<group>";
		};
		04C95AFE2D9DA1D9002BA816 /* View */ = {
			isa = PBXGroup;
			children = (
				04C95AFF2D9DA1EA002BA816 /* ProductsView.swift */,
				04C95B2D2D9E19EB002BA816 /* ItemCellView.swift */,
			);
			path = View;
			sourceTree = "<group>";
		};
		04C95B012D9DA29C002BA816 /* Cart */ = {
			isa = PBXGroup;
			children = (
				0494FA7A2DA89932001AB29D /* ViewModel */,
				04C95B022D9DA2A3002BA816 /* View */,
			);
			path = Cart;
			sourceTree = "<group>";
		};
		04C95B022D9DA2A3002BA816 /* View */ = {
			isa = PBXGroup;
			children = (
				04C95B032D9DA2B3002BA816 /* CartView.swift */,
			);
			path = View;
			sourceTree = "<group>";
		};
		04C95B052D9DA2C9002BA816 /* Profile */ = {
			isa = PBXGroup;
			children = (
				04C95B062D9DA2D1002BA816 /* View */,
			);
			path = Profile;
			sourceTree = "<group>";
		};
		04C95B062D9DA2D1002BA816 /* View */ = {
			isa = PBXGroup;
			children = (
				04C95B072D9DA2E5002BA816 /* ProfileView.swift */,
			);
			path = View;
			sourceTree = "<group>";
		};
		04C95B092D9DA899002BA816 /* Model */ = {
			isa = PBXGroup;
			children = (
				04C95B0A2D9DA8AB002BA816 /* Product.swift */,
			);
			path = Model;
			sourceTree = "<group>";
		};
		04C95B0C2D9DA8C3002BA816 /* Category */ = {
			isa = PBXGroup;
			children = (
				04C95B2A2D9E1920002BA816 /* View */,
				04C95B1D2D9DD4D3002BA816 /* ViewModel */,
				04C95B0D2D9DA8CB002BA816 /* Model */,
			);
			path = Category;
			sourceTree = "<group>";
		};
		04C95B0D2D9DA8CB002BA816 /* Model */ = {
			isa = PBXGroup;
			children = (
				04C95B0E2D9DA8E8002BA816 /* Category.swift */,
			);
			path = Model;
			sourceTree = "<group>";
		};
		04C95B102D9DAA55002BA816 /* Interface */ = {
			isa = PBXGroup;
			children = (
				04C95B112D9DAA76002BA816 /* NetworkService.swift */,
			);
			path = Interface;
			sourceTree = "<group>";
		};
		04C95B132D9DAAD5002BA816 /* Service */ = {
			isa = PBXGroup;
			children = (
				04C95B142D9DAB05002BA816 /* ApiService.swift */,
			);
			path = Service;
			sourceTree = "<group>";
		};
		04C95B162D9DB4DB002BA816 /* ViewModel */ = {
			isa = PBXGroup;
			children = (
				04C95B172D9DB4F0002BA816 /* ProductViewModel.swift */,
			);
			path = ViewModel;
			sourceTree = "<group>";
		};
		04C95B192D9DC5BB002BA816 /* ProductDetail */ = {
			isa = PBXGroup;
			children = (
				04C95B2F2D9EEF40002BA816 /* View */,
			);
			path = ProductDetail;
			sourceTree = "<group>";
		};
		04C95B1A2D9DC5CB002BA816 /* Error */ = {
			isa = PBXGroup;
			children = (
				04C95B1B2D9DC5E3002BA816 /* ServiceError.swift */,
			);
			path = Error;
			sourceTree = "<group>";
		};
		04C95B1D2D9DD4D3002BA816 /* ViewModel */ = {
			isa = PBXGroup;
			children = (
				04C95B1E2D9DD4F7002BA816 /* CategoryViewModel.swift */,
			);
			path = ViewModel;
			sourceTree = "<group>";
		};
		04C95B202D9DD551002BA816 /* ViewModel */ = {
			isa = PBXGroup;
			children = (
				04C95B212D9DD565002BA816 /* HomeViewModel.swift */,
			);
			path = ViewModel;
			sourceTree = "<group>";
		};
		04C95B292D9E15EB002BA816 /* View */ = {
			isa = PBXGroup;
			children = (
				04C95AFB2D9DA1A7002BA816 /* HomeView.swift */,
			);
			path = View;
			sourceTree = "<group>";
		};
		04C95B2A2D9E1920002BA816 /* View */ = {
			isa = PBXGroup;
			children = (
				04C95B2B2D9E1930002BA816 /* CategoryView.swift */,
			);
			path = View;
			sourceTree = "<group>";
		};
		04C95B2F2D9EEF40002BA816 /* View */ = {
			isa = PBXGroup;
			children = (
				04C95B312D9EEF5B002BA816 /* ProductDetailView.swift */,
			);
			path = View;
			sourceTree = "<group>";
		};
		04C95B332DA45CB4002BA816 /* ViewModel */ = {
			isa = PBXGroup;
			children = (
				04C95B342DA45CCC002BA816 /* LoginViewModel.swift */,
			);
			path = ViewModel;
			sourceTree = "<group>";
		};
		04C95B362DA45CEA002BA816 /* Interface */ = {
			isa = PBXGroup;
			children = (
				04C95B372DA45CF7002BA816 /* LoginInterface.swift */,
			);
			path = Interface;
			sourceTree = "<group>";
		};
		04C95B392DA45D0B002BA816 /* Service */ = {
			isa = PBXGroup;
			children = (
				04C95B3A2DA45D22002BA816 /* LoginService.swift */,
				04C95B462DA45ED2002BA816 /* AuthService.swift */,
			);
			path = Service;
			sourceTree = "<group>";
		};
		04C95B3C2DA45D43002BA816 /* View */ = {
			isa = PBXGroup;
			children = (
				04C95B3D2DA45D51002BA816 /* LoginView.swift */,
			);
			path = View;
			sourceTree = "<group>";
		};
		04C95B3F2DA45E2B002BA816 /* Strings */ = {
			isa = PBXGroup;
			children = (
				04C95B402DA45E36002BA816 /* Strings.swift */,
			);
			path = Strings;
			sourceTree = "<group>";
		};
		04C95B422DA45E71002BA816 /* Extensions */ = {
			isa = PBXGroup;
			children = (
				04C95B432DA45E82002BA816 /* UIAplication.swift */,
				0494FA7D2DA89B40001AB29D /* Color.swift */,
			);
			path = Extensions;
			sourceTree = "<group>";
		};
		04C95B482DA45EF4002BA816 /* User */ = {
			isa = PBXGroup;
			children = (
				04C95B492DA45EFA002BA816 /* Model */,
			);
			path = User;
			sourceTree = "<group>";
		};
		04C95B492DA45EFA002BA816 /* Model */ = {
			isa = PBXGroup;
			children = (
				04C95B4A2DA45F08002BA816 /* UserModel.swift */,
			);
			path = Model;
			sourceTree = "<group>";
		};
		04C95B4C2DA45F4F002BA816 /* Model */ = {
			isa = PBXGroup;
			children = (
				04C95B4D2DA45F65002BA816 /* AuthResponse.swift */,
			);
			path = Model;
			sourceTree = "<group>";
		};
/* End PBXGroup section */

/* Begin PBXNativeTarget section */
		04C95AC22D9D95D6002BA816 /* PlatziStore */ = {
			isa = PBXNativeTarget;
			buildConfigurationList = 04C95AEC2D9D95D9002BA816 /* Build configuration list for PBXNativeTarget "PlatziStore" */;
			buildPhases = (
				04C95ABF2D9D95D6002BA816 /* Sources */,
				04C95AC02D9D95D6002BA816 /* Frameworks */,
				04C95AC12D9D95D6002BA816 /* Resources */,
			);
			buildRules = (
			);
			dependencies = (
			);
			name = PlatziStore;
			productName = PlatziStore;
			productReference = 04C95AC32D9D95D6002BA816 /* PlatziStore.app */;
			productType = "com.apple.product-type.application";
		};
		04C95AD72D9D95D9002BA816 /* PlatziStoreTests */ = {
			isa = PBXNativeTarget;
			buildConfigurationList = 04C95AEF2D9D95D9002BA816 /* Build configuration list for PBXNativeTarget "PlatziStoreTests" */;
			buildPhases = (
				04C95AD42D9D95D9002BA816 /* Sources */,
				04C95AD52D9D95D9002BA816 /* Frameworks */,
				04C95AD62D9D95D9002BA816 /* Resources */,
			);
			buildRules = (
			);
			dependencies = (
				04C95ADA2D9D95D9002BA816 /* PBXTargetDependency */,
			);
			name = PlatziStoreTests;
			productName = PlatziStoreTests;
			productReference = 04C95AD82D9D95D9002BA816 /* PlatziStoreTests.xctest */;
			productType = "com.apple.product-type.bundle.unit-test";
		};
		04C95AE12D9D95D9002BA816 /* PlatziStoreUITests */ = {
			isa = PBXNativeTarget;
			buildConfigurationList = 04C95AF22D9D95D9002BA816 /* Build configuration list for PBXNativeTarget "PlatziStoreUITests" */;
			buildPhases = (
				04C95ADE2D9D95D9002BA816 /* Sources */,
				04C95ADF2D9D95D9002BA816 /* Frameworks */,
				04C95AE02D9D95D9002BA816 /* Resources */,
			);
			buildRules = (
			);
			dependencies = (
				04C95AE42D9D95D9002BA816 /* PBXTargetDependency */,
			);
			name = PlatziStoreUITests;
			productName = PlatziStoreUITests;
			productReference = 04C95AE22D9D95D9002BA816 /* PlatziStoreUITests.xctest */;
			productType = "com.apple.product-type.bundle.ui-testing";
		};
/* End PBXNativeTarget section */

/* Begin PBXProject section */
		04C95ABB2D9D95D6002BA816 /* Project object */ = {
			isa = PBXProject;
			attributes = {
				BuildIndependentTargetsInParallel = 1;
				LastSwiftUpdateCheck = 1520;
				LastUpgradeCheck = 1520;
				TargetAttributes = {
					04C95AC22D9D95D6002BA816 = {
						CreatedOnToolsVersion = 15.2;
					};
					04C95AD72D9D95D9002BA816 = {
						CreatedOnToolsVersion = 15.2;
						TestTargetID = 04C95AC22D9D95D6002BA816;
					};
					04C95AE12D9D95D9002BA816 = {
						CreatedOnToolsVersion = 15.2;
						TestTargetID = 04C95AC22D9D95D6002BA816;
					};
				};
			};
			buildConfigurationList = 04C95ABE2D9D95D6002BA816 /* Build configuration list for PBXProject "PlatziStore" */;
			compatibilityVersion = "Xcode 14.0";
			developmentRegion = en;
			hasScannedForEncodings = 0;
			knownRegions = (
				en,
				Base,
			);
			mainGroup = 04C95ABA2D9D95D6002BA816;
			productRefGroup = 04C95AC42D9D95D6002BA816 /* Products */;
			projectDirPath = "";
			projectRoot = "";
			targets = (
				04C95AC22D9D95D6002BA816 /* PlatziStore */,
				04C95AD72D9D95D9002BA816 /* PlatziStoreTests */,
				04C95AE12D9D95D9002BA816 /* PlatziStoreUITests */,
			);
		};
/* End PBXProject section */

/* Begin PBXResourcesBuildPhase section */
		04C95AC12D9D95D6002BA816 /* Resources */ = {
			isa = PBXResourcesBuildPhase;
			buildActionMask = 2147483647;
			files = (
				04C95ACE2D9D95D9002BA816 /* Preview Assets.xcassets in Resources */,
				04C95ACB2D9D95D9002BA816 /* Assets.xcassets in Resources */,
			);
			runOnlyForDeploymentPostprocessing = 0;
		};
		04C95AD62D9D95D9002BA816 /* Resources */ = {
			isa = PBXResourcesBuildPhase;
			buildActionMask = 2147483647;
			files = (
			);
			runOnlyForDeploymentPostprocessing = 0;
		};
		04C95AE02D9D95D9002BA816 /* Resources */ = {
			isa = PBXResourcesBuildPhase;
			buildActionMask = 2147483647;
			files = (
			);
			runOnlyForDeploymentPostprocessing = 0;
		};
/* End PBXResourcesBuildPhase section */

/* Begin PBXSourcesBuildPhase section */
		04C95ABF2D9D95D6002BA816 /* Sources */ = {
			isa = PBXSourcesBuildPhase;
			buildActionMask = 2147483647;
			files = (
				04C95B352DA45CCC002BA816 /* LoginViewModel.swift in Sources */,
				04C95B2E2D9E19EB002BA816 /* ItemCellView.swift in Sources */,
				04C95B222D9DD565002BA816 /* HomeViewModel.swift in Sources */,
				04C95B4E2DA45F65002BA816 /* AuthResponse.swift in Sources */,
				0494FA772DA6F78A001AB29D /* PlatziStore.xcdatamodeld in Sources */,
				04C95B1C2D9DC5E3002BA816 /* ServiceError.swift in Sources */,
				0494FA7C2DA89AF0001AB29D /* CartViewModel.swift in Sources */,
				04C95B182D9DB4F0002BA816 /* ProductViewModel.swift in Sources */,
				04C95B002D9DA1EA002BA816 /* ProductsView.swift in Sources */,
				04C95B082D9DA2E5002BA816 /* ProfileView.swift in Sources */,
				04C95AD02D9D95D9002BA816 /* Persistence.swift in Sources */,
				04C95B122D9DAA76002BA816 /* NetworkService.swift in Sources */,
				04C95B412DA45E36002BA816 /* Strings.swift in Sources */,
				04C95B472DA45ED2002BA816 /* AuthService.swift in Sources */,
				04C95B3E2DA45D51002BA816 /* LoginView.swift in Sources */,
				04C95AF92D9D9709002BA816 /* SplashView.swift in Sources */,
				04C95B152D9DAB05002BA816 /* ApiService.swift in Sources */,
				04C95B442DA45E82002BA816 /* UIAplication.swift in Sources */,
				04C95AFC2D9DA1A7002BA816 /* HomeView.swift in Sources */,
				0494FA7E2DA89B40001AB29D /* Color.swift in Sources */,
				04C95AC92D9D95D6002BA816 /* ContentView.swift in Sources */,
				04C95B2C2D9E1930002BA816 /* CategoryView.swift in Sources */,
				04C95B382DA45CF7002BA816 /* LoginInterface.swift in Sources */,
				04C95B0F2D9DA8E8002BA816 /* Category.swift in Sources */,
				04C95B1F2D9DD4F7002BA816 /* CategoryViewModel.swift in Sources */,
				04C95B042D9DA2B3002BA816 /* CartView.swift in Sources */,
				04C95AC72D9D95D6002BA816 /* PlatziStoreApp.swift in Sources */,
				04C95B3B2DA45D22002BA816 /* LoginService.swift in Sources */,
				04C95B322D9EEF5B002BA816 /* ProductDetailView.swift in Sources */,
				04C95B4B2DA45F08002BA816 /* UserModel.swift in Sources */,
				04C95B0B2D9DA8AB002BA816 /* Product.swift in Sources */,
			);
			runOnlyForDeploymentPostprocessing = 0;
		};
		04C95AD42D9D95D9002BA816 /* Sources */ = {
			isa = PBXSourcesBuildPhase;
			buildActionMask = 2147483647;
			files = (
				04C95ADD2D9D95D9002BA816 /* PlatziStoreTests.swift in Sources */,
			);
			runOnlyForDeploymentPostprocessing = 0;
		};
		04C95ADE2D9D95D9002BA816 /* Sources */ = {
			isa = PBXSourcesBuildPhase;
			buildActionMask = 2147483647;
			files = (
				04C95AE92D9D95D9002BA816 /* PlatziStoreUITestsLaunchTests.swift in Sources */,
				04C95AE72D9D95D9002BA816 /* PlatziStoreUITests.swift in Sources */,
			);
			runOnlyForDeploymentPostprocessing = 0;
		};
/* End PBXSourcesBuildPhase section */

/* Begin PBXTargetDependency section */
		04C95ADA2D9D95D9002BA816 /* PBXTargetDependency */ = {
			isa = PBXTargetDependency;
			target = 04C95AC22D9D95D6002BA816 /* PlatziStore */;
			targetProxy = 04C95AD92D9D95D9002BA816 /* PBXContainerItemProxy */;
		};
		04C95AE42D9D95D9002BA816 /* PBXTargetDependency */ = {
			isa = PBXTargetDependency;
			target = 04C95AC22D9D95D6002BA816 /* PlatziStore */;
			targetProxy = 04C95AE32D9D95D9002BA816 /* PBXContainerItemProxy */;
		};
/* End PBXTargetDependency section */

/* Begin XCBuildConfiguration section */
		04C95AEA2D9D95D9002BA816 /* Debug */ = {
			isa = XCBuildConfiguration;
			buildSettings = {
				ALWAYS_SEARCH_USER_PATHS = NO;
				ASSETCATALOG_COMPILER_GENERATE_SWIFT_ASSET_SYMBOL_EXTENSIONS = YES;
				CLANG_ANALYZER_NONNULL = YES;
				CLANG_ANALYZER_NUMBER_OBJECT_CONVERSION = YES_AGGRESSIVE;
				CLANG_CXX_LANGUAGE_STANDARD = "gnu++20";
				CLANG_ENABLE_MODULES = YES;
				CLANG_ENABLE_OBJC_ARC = YES;
				CLANG_ENABLE_OBJC_WEAK = YES;
				CLANG_WARN_BLOCK_CAPTURE_AUTORELEASING = YES;
				CLANG_WARN_BOOL_CONVERSION = YES;
				CLANG_WARN_COMMA = YES;
				CLANG_WARN_CONSTANT_CONVERSION = YES;
				CLANG_WARN_DEPRECATED_OBJC_IMPLEMENTATIONS = YES;
				CLANG_WARN_DIRECT_OBJC_ISA_USAGE = YES_ERROR;
				CLANG_WARN_DOCUMENTATION_COMMENTS = YES;
				CLANG_WARN_EMPTY_BODY = YES;
				CLANG_WARN_ENUM_CONVERSION = YES;
				CLANG_WARN_INFINITE_RECURSION = YES;
				CLANG_WARN_INT_CONVERSION = YES;
				CLANG_WARN_NON_LITERAL_NULL_CONVERSION = YES;
				CLANG_WARN_OBJC_IMPLICIT_RETAIN_SELF = YES;
				CLANG_WARN_OBJC_LITERAL_CONVERSION = YES;
				CLANG_WARN_OBJC_ROOT_CLASS = YES_ERROR;
				CLANG_WARN_QUOTED_INCLUDE_IN_FRAMEWORK_HEADER = YES;
				CLANG_WARN_RANGE_LOOP_ANALYSIS = YES;
				CLANG_WARN_STRICT_PROTOTYPES = YES;
				CLANG_WARN_SUSPICIOUS_MOVE = YES;
				CLANG_WARN_UNGUARDED_AVAILABILITY = YES_AGGRESSIVE;
				CLANG_WARN_UNREACHABLE_CODE = YES;
				CLANG_WARN__DUPLICATE_METHOD_MATCH = YES;
				COPY_PHASE_STRIP = NO;
				DEBUG_INFORMATION_FORMAT = dwarf;
				ENABLE_STRICT_OBJC_MSGSEND = YES;
				ENABLE_TESTABILITY = YES;
				ENABLE_USER_SCRIPT_SANDBOXING = YES;
				GCC_C_LANGUAGE_STANDARD = gnu17;
				GCC_DYNAMIC_NO_PIC = NO;
				GCC_NO_COMMON_BLOCKS = YES;
				GCC_OPTIMIZATION_LEVEL = 0;
				GCC_PREPROCESSOR_DEFINITIONS = (
					"DEBUG=1",
					"$(inherited)",
				);
				GCC_WARN_64_TO_32_BIT_CONVERSION = YES;
				GCC_WARN_ABOUT_RETURN_TYPE = YES_ERROR;
				GCC_WARN_UNDECLARED_SELECTOR = YES;
				GCC_WARN_UNINITIALIZED_AUTOS = YES_AGGRESSIVE;
				GCC_WARN_UNUSED_FUNCTION = YES;
				GCC_WARN_UNUSED_VARIABLE = YES;
				IPHONEOS_DEPLOYMENT_TARGET = 17.2;
				LOCALIZATION_PREFERS_STRING_CATALOGS = YES;
				MTL_ENABLE_DEBUG_INFO = INCLUDE_SOURCE;
				MTL_FAST_MATH = YES;
				ONLY_ACTIVE_ARCH = YES;
				SDKROOT = iphoneos;
				SWIFT_ACTIVE_COMPILATION_CONDITIONS = "DEBUG $(inherited)";
				SWIFT_OPTIMIZATION_LEVEL = "-Onone";
			};
			name = Debug;
		};
		04C95AEB2D9D95D9002BA816 /* Release */ = {
			isa = XCBuildConfiguration;
			buildSettings = {
				ALWAYS_SEARCH_USER_PATHS = NO;
				ASSETCATALOG_COMPILER_GENERATE_SWIFT_ASSET_SYMBOL_EXTENSIONS = YES;
				CLANG_ANALYZER_NONNULL = YES;
				CLANG_ANALYZER_NUMBER_OBJECT_CONVERSION = YES_AGGRESSIVE;
				CLANG_CXX_LANGUAGE_STANDARD = "gnu++20";
				CLANG_ENABLE_MODULES = YES;
				CLANG_ENABLE_OBJC_ARC = YES;
				CLANG_ENABLE_OBJC_WEAK = YES;
				CLANG_WARN_BLOCK_CAPTURE_AUTORELEASING = YES;
				CLANG_WARN_BOOL_CONVERSION = YES;
				CLANG_WARN_COMMA = YES;
				CLANG_WARN_CONSTANT_CONVERSION = YES;
				CLANG_WARN_DEPRECATED_OBJC_IMPLEMENTATIONS = YES;
				CLANG_WARN_DIRECT_OBJC_ISA_USAGE = YES_ERROR;
				CLANG_WARN_DOCUMENTATION_COMMENTS = YES;
				CLANG_WARN_EMPTY_BODY = YES;
				CLANG_WARN_ENUM_CONVERSION = YES;
				CLANG_WARN_INFINITE_RECURSION = YES;
				CLANG_WARN_INT_CONVERSION = YES;
				CLANG_WARN_NON_LITERAL_NULL_CONVERSION = YES;
				CLANG_WARN_OBJC_IMPLICIT_RETAIN_SELF = YES;
				CLANG_WARN_OBJC_LITERAL_CONVERSION = YES;
				CLANG_WARN_OBJC_ROOT_CLASS = YES_ERROR;
				CLANG_WARN_QUOTED_INCLUDE_IN_FRAMEWORK_HEADER = YES;
				CLANG_WARN_RANGE_LOOP_ANALYSIS = YES;
				CLANG_WARN_STRICT_PROTOTYPES = YES;
				CLANG_WARN_SUSPICIOUS_MOVE = YES;
				CLANG_WARN_UNGUARDED_AVAILABILITY = YES_AGGRESSIVE;
				CLANG_WARN_UNREACHABLE_CODE = YES;
				CLANG_WARN__DUPLICATE_METHOD_MATCH = YES;
				COPY_PHASE_STRIP = NO;
				DEBUG_INFORMATION_FORMAT = "dwarf-with-dsym";
				ENABLE_NS_ASSERTIONS = NO;
				ENABLE_STRICT_OBJC_MSGSEND = YES;
				ENABLE_USER_SCRIPT_SANDBOXING = YES;
				GCC_C_LANGUAGE_STANDARD = gnu17;
				GCC_NO_COMMON_BLOCKS = YES;
				GCC_WARN_64_TO_32_BIT_CONVERSION = YES;
				GCC_WARN_ABOUT_RETURN_TYPE = YES_ERROR;
				GCC_WARN_UNDECLARED_SELECTOR = YES;
				GCC_WARN_UNINITIALIZED_AUTOS = YES_AGGRESSIVE;
				GCC_WARN_UNUSED_FUNCTION = YES;
				GCC_WARN_UNUSED_VARIABLE = YES;
				IPHONEOS_DEPLOYMENT_TARGET = 17.2;
				LOCALIZATION_PREFERS_STRING_CATALOGS = YES;
				MTL_ENABLE_DEBUG_INFO = NO;
				MTL_FAST_MATH = YES;
				SDKROOT = iphoneos;
				SWIFT_COMPILATION_MODE = wholemodule;
				VALIDATE_PRODUCT = YES;
			};
			name = Release;
		};
		04C95AED2D9D95D9002BA816 /* Debug */ = {
			isa = XCBuildConfiguration;
			buildSettings = {
				ASSETCATALOG_COMPILER_APPICON_NAME = AppIcon;
				ASSETCATALOG_COMPILER_GLOBAL_ACCENT_COLOR_NAME = AccentColor;
				CODE_SIGN_STYLE = Automatic;
				CURRENT_PROJECT_VERSION = 1;
				DEVELOPMENT_ASSET_PATHS = "\"PlatziStore/Preview Content\"";
				DEVELOPMENT_TEAM = U275656J6V;
				ENABLE_PREVIEWS = YES;
				GENERATE_INFOPLIST_FILE = YES;
				INFOPLIST_KEY_UIApplicationSceneManifest_Generation = YES;
				INFOPLIST_KEY_UIApplicationSupportsIndirectInputEvents = YES;
				INFOPLIST_KEY_UILaunchScreen_Generation = YES;
				INFOPLIST_KEY_UISupportedInterfaceOrientations_iPad = "UIInterfaceOrientationPortrait UIInterfaceOrientationPortraitUpsideDown UIInterfaceOrientationLandscapeLeft UIInterfaceOrientationLandscapeRight";
				INFOPLIST_KEY_UISupportedInterfaceOrientations_iPhone = "UIInterfaceOrientationPortrait UIInterfaceOrientationLandscapeLeft UIInterfaceOrientationLandscapeRight";
				LD_RUNPATH_SEARCH_PATHS = (
					"$(inherited)",
					"@executable_path/Frameworks",
				);
				MARKETING_VERSION = 1.0;
				PRODUCT_BUNDLE_IDENTIFIER = com.MyApp.PlatziStore;
				PRODUCT_NAME = "$(TARGET_NAME)";
				SWIFT_EMIT_LOC_STRINGS = YES;
				SWIFT_VERSION = 5.0;
				TARGETED_DEVICE_FAMILY = "1,2";
			};
			name = Debug;
		};
		04C95AEE2D9D95D9002BA816 /* Release */ = {
			isa = XCBuildConfiguration;
			buildSettings = {
				ASSETCATALOG_COMPILER_APPICON_NAME = AppIcon;
				ASSETCATALOG_COMPILER_GLOBAL_ACCENT_COLOR_NAME = AccentColor;
				CODE_SIGN_STYLE = Automatic;
				CURRENT_PROJECT_VERSION = 1;
				DEVELOPMENT_ASSET_PATHS = "\"PlatziStore/Preview Content\"";
				DEVELOPMENT_TEAM = U275656J6V;
				ENABLE_PREVIEWS = YES;
				GENERATE_INFOPLIST_FILE = YES;
				INFOPLIST_KEY_UIApplicationSceneManifest_Generation = YES;
				INFOPLIST_KEY_UIApplicationSupportsIndirectInputEvents = YES;
				INFOPLIST_KEY_UILaunchScreen_Generation = YES;
				INFOPLIST_KEY_UISupportedInterfaceOrientations_iPad = "UIInterfaceOrientationPortrait UIInterfaceOrientationPortraitUpsideDown UIInterfaceOrientationLandscapeLeft UIInterfaceOrientationLandscapeRight";
				INFOPLIST_KEY_UISupportedInterfaceOrientations_iPhone = "UIInterfaceOrientationPortrait UIInterfaceOrientationLandscapeLeft UIInterfaceOrientationLandscapeRight";
				LD_RUNPATH_SEARCH_PATHS = (
					"$(inherited)",
					"@executable_path/Frameworks",
				);
				MARKETING_VERSION = 1.0;
				PRODUCT_BUNDLE_IDENTIFIER = com.MyApp.PlatziStore;
				PRODUCT_NAME = "$(TARGET_NAME)";
				SWIFT_EMIT_LOC_STRINGS = YES;
				SWIFT_VERSION = 5.0;
				TARGETED_DEVICE_FAMILY = "1,2";
			};
			name = Release;
		};
		04C95AF02D9D95D9002BA816 /* Debug */ = {
			isa = XCBuildConfiguration;
			buildSettings = {
				ALWAYS_EMBED_SWIFT_STANDARD_LIBRARIES = YES;
				BUNDLE_LOADER = "$(TEST_HOST)";
				CODE_SIGN_STYLE = Automatic;
				CURRENT_PROJECT_VERSION = 1;
				DEVELOPMENT_TEAM = U275656J6V;
				GENERATE_INFOPLIST_FILE = YES;
				IPHONEOS_DEPLOYMENT_TARGET = 17.2;
				MARKETING_VERSION = 1.0;
				PRODUCT_BUNDLE_IDENTIFIER = com.MyApp.PlatziStoreTests;
				PRODUCT_NAME = "$(TARGET_NAME)";
				SWIFT_EMIT_LOC_STRINGS = NO;
				SWIFT_VERSION = 5.0;
				TARGETED_DEVICE_FAMILY = "1,2";
				TEST_HOST = "$(BUILT_PRODUCTS_DIR)/PlatziStore.app/$(BUNDLE_EXECUTABLE_FOLDER_PATH)/PlatziStore";
			};
			name = Debug;
		};
		04C95AF12D9D95D9002BA816 /* Release */ = {
			isa = XCBuildConfiguration;
			buildSettings = {
				ALWAYS_EMBED_SWIFT_STANDARD_LIBRARIES = YES;
				BUNDLE_LOADER = "$(TEST_HOST)";
				CODE_SIGN_STYLE = Automatic;
				CURRENT_PROJECT_VERSION = 1;
				DEVELOPMENT_TEAM = U275656J6V;
				GENERATE_INFOPLIST_FILE = YES;
				IPHONEOS_DEPLOYMENT_TARGET = 17.2;
				MARKETING_VERSION = 1.0;
				PRODUCT_BUNDLE_IDENTIFIER = com.MyApp.PlatziStoreTests;
				PRODUCT_NAME = "$(TARGET_NAME)";
				SWIFT_EMIT_LOC_STRINGS = NO;
				SWIFT_VERSION = 5.0;
				TARGETED_DEVICE_FAMILY = "1,2";
				TEST_HOST = "$(BUILT_PRODUCTS_DIR)/PlatziStore.app/$(BUNDLE_EXECUTABLE_FOLDER_PATH)/PlatziStore";
			};
			name = Release;
		};
		04C95AF32D9D95D9002BA816 /* Debug */ = {
			isa = XCBuildConfiguration;
			buildSettings = {
				ALWAYS_EMBED_SWIFT_STANDARD_LIBRARIES = YES;
				CODE_SIGN_STYLE = Automatic;
				CURRENT_PROJECT_VERSION = 1;
				DEVELOPMENT_TEAM = U275656J6V;
				GENERATE_INFOPLIST_FILE = YES;
				MARKETING_VERSION = 1.0;
				PRODUCT_BUNDLE_IDENTIFIER = com.MyApp.PlatziStoreUITests;
				PRODUCT_NAME = "$(TARGET_NAME)";
				SWIFT_EMIT_LOC_STRINGS = NO;
				SWIFT_VERSION = 5.0;
				TARGETED_DEVICE_FAMILY = "1,2";
				TEST_TARGET_NAME = PlatziStore;
			};
			name = Debug;
		};
		04C95AF42D9D95D9002BA816 /* Release */ = {
			isa = XCBuildConfiguration;
			buildSettings = {
				ALWAYS_EMBED_SWIFT_STANDARD_LIBRARIES = YES;
				CODE_SIGN_STYLE = Automatic;
				CURRENT_PROJECT_VERSION = 1;
				DEVELOPMENT_TEAM = U275656J6V;
				GENERATE_INFOPLIST_FILE = YES;
				MARKETING_VERSION = 1.0;
				PRODUCT_BUNDLE_IDENTIFIER = com.MyApp.PlatziStoreUITests;
				PRODUCT_NAME = "$(TARGET_NAME)";
				SWIFT_EMIT_LOC_STRINGS = NO;
				SWIFT_VERSION = 5.0;
				TARGETED_DEVICE_FAMILY = "1,2";
				TEST_TARGET_NAME = PlatziStore;
			};
			name = Release;
		};
/* End XCBuildConfiguration section */

/* Begin XCConfigurationList section */
		04C95ABE2D9D95D6002BA816 /* Build configuration list for PBXProject "PlatziStore" */ = {
			isa = XCConfigurationList;
			buildConfigurations = (
				04C95AEA2D9D95D9002BA816 /* Debug */,
				04C95AEB2D9D95D9002BA816 /* Release */,
			);
			defaultConfigurationIsVisible = 0;
			defaultConfigurationName = Release;
		};
		04C95AEC2D9D95D9002BA816 /* Build configuration list for PBXNativeTarget "PlatziStore" */ = {
			isa = XCConfigurationList;
			buildConfigurations = (
				04C95AED2D9D95D9002BA816 /* Debug */,
				04C95AEE2D9D95D9002BA816 /* Release */,
			);
			defaultConfigurationIsVisible = 0;
			defaultConfigurationName = Release;
		};
		04C95AEF2D9D95D9002BA816 /* Build configuration list for PBXNativeTarget "PlatziStoreTests" */ = {
			isa = XCConfigurationList;
			buildConfigurations = (
				04C95AF02D9D95D9002BA816 /* Debug */,
				04C95AF12D9D95D9002BA816 /* Release */,
			);
			defaultConfigurationIsVisible = 0;
			defaultConfigurationName = Release;
		};
		04C95AF22D9D95D9002BA816 /* Build configuration list for PBXNativeTarget "PlatziStoreUITests" */ = {
			isa = XCConfigurationList;
			buildConfigurations = (
				04C95AF32D9D95D9002BA816 /* Debug */,
				04C95AF42D9D95D9002BA816 /* Release */,
			);
			defaultConfigurationIsVisible = 0;
			defaultConfigurationName = Release;
		};
/* End XCConfigurationList section */

/* Begin XCVersionGroup section */
		0494FA752DA6F78A001AB29D /* PlatziStore.xcdatamodeld */ = {
			isa = XCVersionGroup;
			children = (
				0494FA762DA6F78A001AB29D /* PlatziStore.xcdatamodel */,
			);
			currentVersion = 0494FA762DA6F78A001AB29D /* PlatziStore.xcdatamodel */;
			path = PlatziStore.xcdatamodeld;
			sourceTree = "<group>";
			versionGroupType = wrapper.xcdatamodel;
		};
/* End XCVersionGroup section */
	};
	rootObject = 04C95ABB2D9D95D6002BA816 /* Project object */;
}
